// !$*UTF8*$!
{
	archiveVersion = 1;
	classes = {
	};
	objectVersion = 50;
	objects = {

/* Begin PBXBuildFile section */
		A444515C207DB4AD009B8E02 /* AppDelegate.swift in Sources */ = {isa = PBXBuildFile; fileRef = A444515B207DB4AD009B8E02 /* AppDelegate.swift */; };
		A4445161207DB4AD009B8E02 /* PlaceTableView.storyboard in Resources */ = {isa = PBXBuildFile; fileRef = A444515F207DB4AD009B8E02 /* PlaceTableView.storyboard */; };
		A4445163207DB4AD009B8E02 /* Assets.xcassets in Resources */ = {isa = PBXBuildFile; fileRef = A4445162207DB4AD009B8E02 /* Assets.xcassets */; };
		A4445166207DB4AD009B8E02 /* LaunchScreen.storyboard in Resources */ = {isa = PBXBuildFile; fileRef = A4445164207DB4AD009B8E02 /* LaunchScreen.storyboard */; };
		A444516E207DB703009B8E02 /* PlaceTableViewController.swift in Sources */ = {isa = PBXBuildFile; fileRef = A444516D207DB703009B8E02 /* PlaceTableViewController.swift */; };
		A4445171207DB742009B8E02 /* Place.swift in Sources */ = {isa = PBXBuildFile; fileRef = A4445170207DB742009B8E02 /* Place.swift */; };
		A4445174207DB9A9009B8E02 /* libsqlite3.tbd in Frameworks */ = {isa = PBXBuildFile; fileRef = A4445173207DB9A9009B8E02 /* libsqlite3.tbd */; };
		A4445177207DBA62009B8E02 /* PlaceModel.xcdatamodeld in Sources */ = {isa = PBXBuildFile; fileRef = A4445175207DBA62009B8E02 /* PlaceModel.xcdatamodeld */; };
		A4DBC160208BF28200E2FF73 /* Places.swift in Sources */ = {isa = PBXBuildFile; fileRef = A4DBC15F208BF28200E2FF73 /* Places.swift */; };
		A4DBC162208C10C200E2FF73 /* AddPlaceTableViewController.swift in Sources */ = {isa = PBXBuildFile; fileRef = A4DBC161208C10C200E2FF73 /* AddPlaceTableViewController.swift */; };
/* End PBXBuildFile section */

/* Begin PBXFileReference section */
		A4445158207DB4AD009B8E02 /* Place Manager.app */ = {isa = PBXFileReference; explicitFileType = wrapper.application; includeInIndex = 0; path = "Place Manager.app"; sourceTree = BUILT_PRODUCTS_DIR; };
		A444515B207DB4AD009B8E02 /* AppDelegate.swift */ = {isa = PBXFileReference; lastKnownFileType = sourcecode.swift; path = AppDelegate.swift; sourceTree = "<group>"; };
		A4445160207DB4AD009B8E02 /* Base */ = {isa = PBXFileReference; lastKnownFileType = file.storyboard; name = Base; path = Base.lproj/PlaceTableView.storyboard; sourceTree = "<group>"; };
		A4445162207DB4AD009B8E02 /* Assets.xcassets */ = {isa = PBXFileReference; lastKnownFileType = folder.assetcatalog; path = Assets.xcassets; sourceTree = "<group>"; };
		A4445165207DB4AD009B8E02 /* Base */ = {isa = PBXFileReference; lastKnownFileType = file.storyboard; name = Base; path = Base.lproj/LaunchScreen.storyboard; sourceTree = "<group>"; };
		A4445167207DB4AD009B8E02 /* Info.plist */ = {isa = PBXFileReference; lastKnownFileType = text.plist.xml; path = Info.plist; sourceTree = "<group>"; };
		A444516D207DB703009B8E02 /* PlaceTableViewController.swift */ = {isa = PBXFileReference; lastKnownFileType = sourcecode.swift; path = PlaceTableViewController.swift; sourceTree = "<group>"; };
		A4445170207DB742009B8E02 /* Place.swift */ = {isa = PBXFileReference; lastKnownFileType = sourcecode.swift; path = Place.swift; sourceTree = "<group>"; };
		A4445173207DB9A9009B8E02 /* libsqlite3.tbd */ = {isa = PBXFileReference; lastKnownFileType = "sourcecode.text-based-dylib-definition"; name = libsqlite3.tbd; path = usr/lib/libsqlite3.tbd; sourceTree = SDKROOT; };
		A4445176207DBA62009B8E02 /* PlaceModel.xcdatamodel */ = {isa = PBXFileReference; lastKnownFileType = wrapper.xcdatamodel; path = PlaceModel.xcdatamodel; sourceTree = "<group>"; };
		A4DBC15F208BF28200E2FF73 /* Places.swift */ = {isa = PBXFileReference; lastKnownFileType = sourcecode.swift; path = Places.swift; sourceTree = "<group>"; };
		A4DBC161208C10C200E2FF73 /* AddPlaceTableViewController.swift */ = {isa = PBXFileReference; lastKnownFileType = sourcecode.swift; path = AddPlaceTableViewController.swift; sourceTree = "<group>"; };
/* End PBXFileReference section */

/* Begin PBXFrameworksBuildPhase section */
		A4445155207DB4AD009B8E02 /* Frameworks */ = {
			isa = PBXFrameworksBuildPhase;
			buildActionMask = 2147483647;
			files = (
				A4445174207DB9A9009B8E02 /* libsqlite3.tbd in Frameworks */,
			);
			runOnlyForDeploymentPostprocessing = 0;
		};
/* End PBXFrameworksBuildPhase section */

/* Begin PBXGroup section */
		A444514F207DB4AD009B8E02 = {
			isa = PBXGroup;
			children = (
				A444515A207DB4AD009B8E02 /* Place Manager */,
				A4445159207DB4AD009B8E02 /* Products */,
				A4445175207DBA62009B8E02 /* PlaceModel.xcdatamodeld */,
				A4445172207DB9A9009B8E02 /* Frameworks */,
			);
			sourceTree = "<group>";
		};
		A4445159207DB4AD009B8E02 /* Products */ = {
			isa = PBXGroup;
			children = (
				A4445158207DB4AD009B8E02 /* Place Manager.app */,
			);
			name = Products;
			sourceTree = "<group>";
		};
		A444515A207DB4AD009B8E02 /* Place Manager */ = {
			isa = PBXGroup;
			children = (
				A444516F207DB733009B8E02 /* Data */,
				A444515B207DB4AD009B8E02 /* AppDelegate.swift */,
				A444516D207DB703009B8E02 /* PlaceTableViewController.swift */,
				A444515F207DB4AD009B8E02 /* PlaceTableView.storyboard */,
				A4DBC161208C10C200E2FF73 /* AddPlaceTableViewController.swift */,
				A4445162207DB4AD009B8E02 /* Assets.xcassets */,
				A4445164207DB4AD009B8E02 /* LaunchScreen.storyboard */,
				A4445167207DB4AD009B8E02 /* Info.plist */,
			);
			path = "Place Manager";
			sourceTree = "<group>";
		};
		A444516F207DB733009B8E02 /* Data */ = {
			isa = PBXGroup;
			children = (
				A4445170207DB742009B8E02 /* Place.swift */,
				A4DBC15F208BF28200E2FF73 /* Places.swift */,
			);
			path = Data;
			sourceTree = "<group>";
		};
		A4445172207DB9A9009B8E02 /* Frameworks */ = {
			isa = PBXGroup;
			children = (
				A4445173207DB9A9009B8E02 /* libsqlite3.tbd */,
			);
			name = Frameworks;
			sourceTree = "<group>";
		};
/* End PBXGroup section */

/* Begin PBXNativeTarget section */
		A4445157207DB4AD009B8E02 /* Place Manager */ = {
			isa = PBXNativeTarget;
			buildConfigurationList = A444516A207DB4AD009B8E02 /* Build configuration list for PBXNativeTarget "Place Manager" */;
			buildPhases = (
				A4445154207DB4AD009B8E02 /* Sources */,
				A4445155207DB4AD009B8E02 /* Frameworks */,
				A4445156207DB4AD009B8E02 /* Resources */,
			);
			buildRules = (
			);
			dependencies = (
			);
			name = "Place Manager";
			productName = "Place Manager";
			productReference = A4445158207DB4AD009B8E02 /* Place Manager.app */;
			productType = "com.apple.product-type.application";
		};
/* End PBXNativeTarget section */

/* Begin PBXProject section */
		A4445150207DB4AD009B8E02 /* Project object */ = {
			isa = PBXProject;
			attributes = {
				LastSwiftUpdateCheck = 0930;
				LastUpgradeCheck = 0930;
				ORGANIZATIONNAME = "Aaron Musengo";
				TargetAttributes = {
					A4445157207DB4AD009B8E02 = {
						CreatedOnToolsVersion = 9.3;
					};
				};
			};
			buildConfigurationList = A4445153207DB4AD009B8E02 /* Build configuration list for PBXProject "Place Manager" */;
			compatibilityVersion = "Xcode 9.3";
			developmentRegion = en;
			hasScannedForEncodings = 0;
			knownRegions = (
				en,
				Base,
			);
			mainGroup = A444514F207DB4AD009B8E02;
			productRefGroup = A4445159207DB4AD009B8E02 /* Products */;
			projectDirPath = "";
			projectRoot = "";
			targets = (
				A4445157207DB4AD009B8E02 /* Place Manager */,
			);
		};
/* End PBXProject section */

/* Begin PBXResourcesBuildPhase section */
		A4445156207DB4AD009B8E02 /* Resources */ = {
			isa = PBXResourcesBuildPhase;
			buildActionMask = 2147483647;
			files = (
				A4445166207DB4AD009B8E02 /* LaunchScreen.storyboard in Resources */,
				A4445163207DB4AD009B8E02 /* Assets.xcassets in Resources */,
				A4445161207DB4AD009B8E02 /* PlaceTableView.storyboard in Resources */,
			);
			runOnlyForDeploymentPostprocessing = 0;
		};
/* End PBXResourcesBuildPhase section */

/* Begin PBXSourcesBuildPhase section */
		A4445154207DB4AD009B8E02 /* Sources */ = {
			isa = PBXSourcesBuildPhase;
			buildActionMask = 2147483647;
			files = (
				A4DBC160208BF28200E2FF73 /* Places.swift in Sources */,
				A4445171207DB742009B8E02 /* Place.swift in Sources */,
				A4445177207DBA62009B8E02 /* PlaceModel.xcdatamodeld in Sources */,
				A444515C207DB4AD009B8E02 /* AppDelegate.swift in Sources */,
				A444516E207DB703009B8E02 /* PlaceTableViewController.swift in Sources */,
				A4DBC162208C10C200E2FF73 /* AddPlaceTableViewController.swift in Sources */,
			);
			runOnlyForDeploymentPostprocessing = 0;
		};
/* End PBXSourcesBuildPhase section */

/* Begin PBXVariantGroup section */
		A444515F207DB4AD009B8E02 /* PlaceTableView.storyboard */ = {
			isa = PBXVariantGroup;
			children = (
				A4445160207DB4AD009B8E02 /* Base */,
			);
			name = PlaceTableView.storyboard;
			sourceTree = "<group>";
		};
		A4445164207DB4AD009B8E02 /* LaunchScreen.storyboard */ = {
			isa = PBXVariantGroup;
			children = (
				A4445165207DB4AD009B8E02 /* Base */,
			);
			name = LaunchScreen.storyboard;
			sourceTree = "<group>";
		};
/* End PBXVariantGroup section */

/* Begin XCBuildConfiguration section */
		A4445168207DB4AD009B8E02 /* Debug */ = {
			isa = XCBuildConfiguration;
			buildSettings = {
				ALWAYS_SEARCH_USER_PATHS = NO;
				CLANG_ANALYZER_NONNULL = YES;
				CLANG_ANALYZER_NUMBER_OBJECT_CONVERSION = YES_AGGRESSIVE;
				CLANG_CXX_LANGUAGE_STANDARD = "gnu++14";
				CLANG_CXX_LIBRARY = "libc++";
				CLANG_ENABLE_MODULES = YES;
				CLANG_ENABLE_OBJC_ARC = YES;
				CLANG_ENABLE_OBJC_WEAK = YES;
				CLANG_WARN_BLOCK_CAPTURE_AUTORELEASING = YES;
				CLANG_WARN_BOOL_CONVERSION = YES;
				CLANG_WARN_COMMA = YES;
				CLANG_WARN_CONSTANT_CONVERSION = YES;
				CLANG_WARN_DEPRECATED_OBJC_IMPLEMENTATIONS = YES;
				CLANG_WARN_DIRECT_OBJC_ISA_USAGE = YES_ERROR;
				CLANG_WARN_DOCUMENTATION_COMMENTS = YES;
				CLANG_WARN_EMPTY_BODY = YES;
				CLANG_WARN_ENUM_CONVERSION = YES;
				CLANG_WARN_INFINITE_RECURSION = YES;
				CLANG_WARN_INT_CONVERSION = YES;
				CLANG_WARN_NON_LITERAL_NULL_CONVERSION = YES;
				CLANG_WARN_OBJC_IMPLICIT_RETAIN_SELF = YES;
				CLANG_WARN_OBJC_LITERAL_CONVERSION = YES;
				CLANG_WARN_OBJC_ROOT_CLASS = YES_ERROR;
				CLANG_WARN_RANGE_LOOP_ANALYSIS = YES;
				CLANG_WARN_STRICT_PROTOTYPES = YES;
				CLANG_WARN_SUSPICIOUS_MOVE = YES;
				CLANG_WARN_UNGUARDED_AVAILABILITY = YES_AGGRESSIVE;
				CLANG_WARN_UNREACHABLE_CODE = YES;
				CLANG_WARN__DUPLICATE_METHOD_MATCH = YES;
				CODE_SIGN_IDENTITY = "iPhone Developer";
				COPY_PHASE_STRIP = NO;
				DEBUG_INFORMATION_FORMAT = dwarf;
				ENABLE_STRICT_OBJC_MSGSEND = YES;
				ENABLE_TESTABILITY = YES;
				GCC_C_LANGUAGE_STANDARD = gnu11;
				GCC_DYNAMIC_NO_PIC = NO;
				GCC_NO_COMMON_BLOCKS = YES;
				GCC_OPTIMIZATION_LEVEL = 0;
				GCC_PREPROCESSOR_DEFINITIONS = (
					"DEBUG=1",
					"$(inherited)",
				);
				GCC_WARN_64_TO_32_BIT_CONVERSION = YES;
				GCC_WARN_ABOUT_RETURN_TYPE = YES_ERROR;
				GCC_WARN_UNDECLARED_SELECTOR = YES;
				GCC_WARN_UNINITIALIZED_AUTOS = YES_AGGRESSIVE;
				GCC_WARN_UNUSED_FUNCTION = YES;
				GCC_WARN_UNUSED_VARIABLE = YES;
				IPHONEOS_DEPLOYMENT_TARGET = 11.3;
				MTL_ENABLE_DEBUG_INFO = YES;
				ONLY_ACTIVE_ARCH = YES;
				SDKROOT = iphoneos;
				SWIFT_ACTIVE_COMPILATION_CONDITIONS = DEBUG;
				SWIFT_OPTIMIZATION_LEVEL = "-Onone";
			};
			name = Debug;
		};
		A4445169207DB4AD009B8E02 /* Release */ = {
			isa = XCBuildConfiguration;
			buildSettings = {
				ALWAYS_SEARCH_USER_PATHS = NO;
				CLANG_ANALYZER_NONNULL = YES;
				CLANG_ANALYZER_NUMBER_OBJECT_CONVERSION = YES_AGGRESSIVE;
				CLANG_CXX_LANGUAGE_STANDARD = "gnu++14";
				CLANG_CXX_LIBRARY = "libc++";
				CLANG_ENABLE_MODULES = YES;
				CLANG_ENABLE_OBJC_ARC = YES;
				CLANG_ENABLE_OBJC_WEAK = YES;
				CLANG_WARN_BLOCK_CAPTURE_AUTORELEASING = YES;
				CLANG_WARN_BOOL_CONVERSION = YES;
				CLANG_WARN_COMMA = YES;
				CLANG_WARN_CONSTANT_CONVERSION = YES;
				CLANG_WARN_DEPRECATED_OBJC_IMPLEMENTATIONS = YES;
				CLANG_WARN_DIRECT_OBJC_ISA_USAGE = YES_ERROR;
				CLANG_WARN_DOCUMENTATION_COMMENTS = YES;
				CLANG_WARN_EMPTY_BODY = YES;
				CLANG_WARN_ENUM_CONVERSION = YES;
				CLANG_WARN_INFINITE_RECURSION = YES;
				CLANG_WARN_INT_CONVERSION = YES;
				CLANG_WARN_NON_LITERAL_NULL_CONVERSION = YES;
				CLANG_WARN_OBJC_IMPLICIT_RETAIN_SELF = YES;
				CLANG_WARN_OBJC_LITERAL_CONVERSION = YES;
				CLANG_WARN_OBJC_ROOT_CLASS = YES_ERROR;
				CLANG_WARN_RANGE_LOOP_ANALYSIS = YES;
				CLANG_WARN_STRICT_PROTOTYPES = YES;
				CLANG_WARN_SUSPICIOUS_MOVE = YES;
				CLANG_WARN_UNGUARDED_AVAILABILITY = YES_AGGRESSIVE;
				CLANG_WARN_UNREACHABLE_CODE = YES;
				CLANG_WARN__DUPLICATE_METHOD_MATCH = YES;
				CODE_SIGN_IDENTITY = "iPhone Developer";
				COPY_PHASE_STRIP = NO;
				DEBUG_INFORMATION_FORMAT = "dwarf-with-dsym";
				ENABLE_NS_ASSERTIONS = NO;
				ENABLE_STRICT_OBJC_MSGSEND = YES;
				GCC_C_LANGUAGE_STANDARD = gnu11;
				GCC_NO_COMMON_BLOCKS = YES;
				GCC_WARN_64_TO_32_BIT_CONVERSION = YES;
				GCC_WARN_ABOUT_RETURN_TYPE = YES_ERROR;
				GCC_WARN_UNDECLARED_SELECTOR = YES;
				GCC_WARN_UNINITIALIZED_AUTOS = YES_AGGRESSIVE;
				GCC_WARN_UNUSED_FUNCTION = YES;
				GCC_WARN_UNUSED_VARIABLE = YES;
				IPHONEOS_DEPLOYMENT_TARGET = 11.3;
				MTL_ENABLE_DEBUG_INFO = NO;
				SDKROOT = iphoneos;
				SWIFT_COMPILATION_MODE = wholemodule;
				SWIFT_OPTIMIZATION_LEVEL = "-O";
				VALIDATE_PRODUCT = YES;
			};
			name = Release;
		};
		A444516B207DB4AD009B8E02 /* Debug */ = {
			isa = XCBuildConfiguration;
			buildSettings = {
				ASSETCATALOG_COMPILER_APPICON_NAME = AppIcon;
				CODE_SIGN_STYLE = Automatic;
				DEVELOPMENT_TEAM = YGC7W2QA95;
				INFOPLIST_FILE = "Place Manager/Info.plist";
				LD_RUNPATH_SEARCH_PATHS = (
					"$(inherited)",
					"@executable_path/Frameworks",
				);
				PRODUCT_BUNDLE_IDENTIFIER = "adm11.Place-Manager";
				PRODUCT_NAME = "$(TARGET_NAME)";
				SWIFT_VERSION = 4.0;
				TARGETED_DEVICE_FAMILY = "1,2";
			};
			name = Debug;
		};
		A444516C207DB4AD009B8E02 /* Release */ = {
			isa = XCBuildConfiguration;
			buildSettings = {
				ASSETCATALOG_COMPILER_APPICON_NAME = AppIcon;
				CODE_SIGN_STYLE = Automatic;
				DEVELOPMENT_TEAM = YGC7W2QA95;
				INFOPLIST_FILE = "Place Manager/Info.plist";
				LD_RUNPATH_SEARCH_PATHS = (
					"$(inherited)",
					"@executable_path/Frameworks",
				);
				PRODUCT_BUNDLE_IDENTIFIER = "adm11.Place-Manager";
				PRODUCT_NAME = "$(TARGET_NAME)";
				SWIFT_VERSION = 4.0;
				TARGETED_DEVICE_FAMILY = "1,2";
			};
			name = Release;
		};
/* End XCBuildConfiguration section */

/* Begin XCConfigurationList section */
		A4445153207DB4AD009B8E02 /* Build configuration list for PBXProject "Place Manager" */ = {
			isa = XCConfigurationList;
			buildConfigurations = (
				A4445168207DB4AD009B8E02 /* Debug */,
				A4445169207DB4AD009B8E02 /* Release */,
			);
			defaultConfigurationIsVisible = 0;
			defaultConfigurationName = Release;
		};
		A444516A207DB4AD009B8E02 /* Build configuration list for PBXNativeTarget "Place Manager" */ = {
			isa = XCConfigurationList;
			buildConfigurations = (
				A444516B207DB4AD009B8E02 /* Debug */,
				A444516C207DB4AD009B8E02 /* Release */,
			);
			defaultConfigurationIsVisible = 0;
			defaultConfigurationName = Release;
		};
/* End XCConfigurationList section */

/* Begin XCVersionGroup section */
		A4445175207DBA62009B8E02 /* PlaceModel.xcdatamodeld */ = {
			isa = XCVersionGroup;
			children = (
				A4445176207DBA62009B8E02 /* PlaceModel.xcdatamodel */,
			);
			currentVersion = A4445176207DBA62009B8E02 /* PlaceModel.xcdatamodel */;
			path = PlaceModel.xcdatamodeld;
			sourceTree = "<group>";
			versionGroupType = wrapper.xcdatamodel;
		};
/* End XCVersionGroup section */
	};
	rootObject = A4445150207DB4AD009B8E02 /* Project object */;
}
